
Microsoft Visual Studio Solution File, Format Version 12.00
# Visual Studio Version 17
VisualStudioVersion = 17.10.35004.147
MinimumVisualStudioVersion = 10.0.40219.1
Project("{FAE04EC0-301F-11D3-BF4B-00C04F79EFBC}") = "Tetris", "Tetris\Tetris.csproj", "{EC407DC9-F82F-455C-8108-15E32F9173C7}"
EndProject
Global
	GlobalSection(SolutionConfigurationPlatforms) = preSolution
		Debug|Any CPU = Debug|Any CPU
		Release|Any CPU = Release|Any CPU
	EndGlobalSection
	GlobalSection(ProjectConfigurationPlatforms) = postSolution
		{EC407DC9-F82F-455C-8108-15E32F9173C7}.Debug|Any CPU.ActiveCfg = Debug|Any CPU
		{EC407DC9-F82F-455C-8108-15E32F9173C7}.Debug|Any CPU.Build.0 = Debug|Any CPU
		{EC407DC9-F82F-455C-8108-15E32F9173C7}.Release|Any CPU.ActiveCfg = Release|Any CPU
		{EC407DC9-F82F-455C-8108-15E32F9173C7}.Release|Any CPU.Build.0 = Release|Any CPU
	EndGlobalSection
	GlobalSection(SolutionProperties) = preSolution
		HideSolutionNode = FALSE
	EndGlobalSection
	GlobalSection(ExtensibilityGlobals) = postSolution
		SolutionGuid = {E64570CD-2F45-4B6B-BCFD-3D7F0EE307DA}
	EndGlobalSection
EndGlobal
